
Microsoft Visual Studio Solution File, Format Version 12.00
# Visual Studio Version 16
VisualStudioVersion = 16.0.29503.13
MinimumVisualStudioVersion = 10.0.40219.1
Project("{FAE04EC0-301F-11D3-BF4B-00C04F79EFBC}") = "BackgroundWorker1", "BackgroundWorker\BackgroundWorker1.csproj", "{6E2E7DBA-FF60-42DB-AFD8-66D8AC11A547}"
EndProject
Project("{FAE04EC0-301F-11D3-BF4B-00C04F79EFBC}") = "BackgroundWorker2", "BackgroundWorker2\BackgroundWorker2.csproj", "{662769A3-721B-45DA-AB71-8D1578A6999A}"
EndProject
Project("{FAE04EC0-301F-11D3-BF4B-00C04F79EFBC}") = "Interlocked", "Interlocked\Interlocked.csproj", "{E8BC2B99-A120-4B65-A9F6-A9352F19D5A7}"
EndProject
Project("{FAE04EC0-301F-11D3-BF4B-00C04F79EFBC}") = "LockStatement", "LockStatement\LockStatement.csproj", "{7C9EE71B-356A-4E74-A19E-DB9A5D1C51DF}"
EndProject
Project("{FAE04EC0-301F-11D3-BF4B-00C04F79EFBC}") = "EventWaittHandle", "AutoResetEvent\EventWaittHandle.csproj", "{88C33BFD-1A4C-425A-9CFD-C04DD41BF920}"
EndProject
Project("{FAE04EC0-301F-11D3-BF4B-00C04F79EFBC}") = "ManualResetEvent", "ManualResetEvent\ManualResetEvent.csproj", "{DA9F10AA-1F54-466E-B24A-88BC100F8CB4}"
EndProject
Project("{FAE04EC0-301F-11D3-BF4B-00C04F79EFBC}") = "CancellationToken", "Cancellation\CancellationToken.csproj", "{648F3762-3227-432B-B893-016F952B00F8}"
EndProject
Project("{FAE04EC0-301F-11D3-BF4B-00C04F79EFBC}") = "ThreadPool", "ThreadPool\ThreadPool.csproj", "{DF4BDDA0-11ED-4713-95E2-FCC65D7F8BD4}"
EndProject
Project("{FAE04EC0-301F-11D3-BF4B-00C04F79EFBC}") = "TaskAsyncPattern", "TaskAsyncPattern\TaskAsyncPattern.csproj", "{108D7B6D-89B0-4A73-83C9-20B0C19F3DA6}"
EndProject
Project("{FAE04EC0-301F-11D3-BF4B-00C04F79EFBC}") = "TaskApp", "TaskApp\TaskApp.csproj", "{11547920-F0BA-4D6B-8B86-51A95FF7192D}"
EndProject
Project("{FAE04EC0-301F-11D3-BF4B-00C04F79EFBC}") = "TaskAsyncPattern2", "TaskAsyncPattern2\TaskAsyncPattern2.csproj", "{774FF8BE-F126-408C-9A13-FB372522DE32}"
EndProject
Project("{FAE04EC0-301F-11D3-BF4B-00C04F79EFBC}") = "TaskAsyncPattern3", "TaskAsyncPattern3\TaskAsyncPattern3.csproj", "{5B20BE71-115E-4B84-973F-05EF0A136BF7}"
EndProject
Project("{FAE04EC0-301F-11D3-BF4B-00C04F79EFBC}") = "AppDomainDemo", "AppDomainDemo\AppDomainDemo.csproj", "{66489618-5CBD-427C-AF5B-813F9337454B}"
EndProject
Project("{FAE04EC0-301F-11D3-BF4B-00C04F79EFBC}") = "AppDomainDemoLib", "AppDomainLib\AppDomainDemoLib.csproj", "{17C7C1B0-D51D-4833-AF3F-770DC0A43B2C}"
EndProject
Project("{9A19103F-16F7-4668-BE54-9A1E7A4F7556}") = "AppSettings", "AppSettings\AppSettings.csproj", "{716A529E-E8F1-41BD-B8CB-F5B60C348647}"
EndProject
Project("{FAE04EC0-301F-11D3-BF4B-00C04F79EFBC}") = "Reflection", "Reflection\Reflection.csproj", "{95DE4916-A189-4C26-B063-EA409A072832}"
EndProject
Project("{FAE04EC0-301F-11D3-BF4B-00C04F79EFBC}") = "Timers", "Timers\Timers.csproj", "{57B4B4C8-BDCB-49CE-B76D-FB2CF24BEBA8}"
EndProject
Project("{FAE04EC0-301F-11D3-BF4B-00C04F79EFBC}") = "NDeskOptionsSample", "NDeskOptionsSample\NDeskOptionsSample.csproj", "{AA966D84-2C18-4D26-AAA8-4E25D3D7F97D}"
EndProject
Project("{FAE04EC0-301F-11D3-BF4B-00C04F79EFBC}") = "ProgressBar", "ProgressBar\ProgressBar.csproj", "{50423861-2F00-4A6E-905D-FD170E1C7D1E}"
EndProject
Project("{FAE04EC0-301F-11D3-BF4B-00C04F79EFBC}") = "AsyncContexts", "AsyncContexts\AsyncContexts.csproj", "{3176CC83-91D4-427E-A56E-834E7BBFD5AD}"
EndProject
Project("{FAE04EC0-301F-11D3-BF4B-00C04F79EFBC}") = "AsyncAwait", "AsyncAwait\AsyncAwait.csproj", "{CA8C9120-09E0-4843-A1B2-0B48192BFBB1}"
EndProject
Project("{FAE04EC0-301F-11D3-BF4B-00C04F79EFBC}") = "delegates", "delegates\delegates.csproj", "{5A1F002B-D925-483C-BD59-30D97A7D2026}"
EndProject
Project("{FAE04EC0-301F-11D3-BF4B-00C04F79EFBC}") = "Tuples", "Tuples\Tuples.csproj", "{149DC967-4C35-4154-B141-282874319DB4}"
EndProject
Project("{FAE04EC0-301F-11D3-BF4B-00C04F79EFBC}") = "Gotchas", "Gotchas\Gotchas.csproj", "{AEB9E4DB-BCB0-4298-A06B-B0327833434C}"
EndProject
Project("{FAE04EC0-301F-11D3-BF4B-00C04F79EFBC}") = "GenericMethods", "GenericMethods\GenericMethods.csproj", "{01822402-5E3E-4CB1-B603-AFA27114C6E5}"
EndProject
Project("{FAE04EC0-301F-11D3-BF4B-00C04F79EFBC}") = "AsyncEnumerable", "AsyncEnumerable\AsyncEnumerable.csproj", "{33EA4A07-21B7-454E-BAF1-6CBC81862453}"
EndProject
Project("{FAE04EC0-301F-11D3-BF4B-00C04F79EFBC}") = "Linq", "Linq\Linq.csproj", "{C1DF2B49-03AE-4DE7-BE8B-7164B3ECA7D5}"
EndProject
Project("{9A19103F-16F7-4668-BE54-9A1E7A4F7556}") = "CSharp8Features", "CSharp8Features\CSharp8Features.csproj", "{918438C0-0297-4703-9CFA-D9FF9DFA9B47}"
EndProject
Project("{9A19103F-16F7-4668-BE54-9A1E7A4F7556}") = "Monitor", "Monitor\Monitor.csproj", "{4B82ECF8-3537-44FC-BDF4-9D9A55977BCE}"
EndProject
Project("{9A19103F-16F7-4668-BE54-9A1E7A4F7556}") = "Mutex", "Mutex\Mutex.csproj", "{FBB5470D-F62C-4E47-BC4C-3189A722AC78}"
EndProject
Project("{9A19103F-16F7-4668-BE54-9A1E7A4F7556}") = "ReaderWriterLockSlim", "ReaderWriterLockSlim\ReaderWriterLockSlim.csproj", "{7A10079D-4437-4289-904F-B2CB3DC2DC3A}"
EndProject
Project("{9A19103F-16F7-4668-BE54-9A1E7A4F7556}") = "TaskBasedAsyncPattern", "TaskBasedAsyncPattern\TaskBasedAsyncPattern.csproj", "{6E1496F6-9455-45E1-A2F8-9109D960CDDA}"
EndProject
Project("{9A19103F-16F7-4668-BE54-9A1E7A4F7556}") = "Singleton", "Singleton\Singleton.csproj", "{E4C00175-DB7C-4789-94D8-5B92D6A63712}"
EndProject
Project("{9A19103F-16F7-4668-BE54-9A1E7A4F7556}") = "StringManipulations", "StringManipulations\StringManipulations.csproj", "{6C7A23EF-3822-4D10-AFB6-75EACB896FB2}"
EndProject
Project("{9A19103F-16F7-4668-BE54-9A1E7A4F7556}") = "Attributes", "Attributes\Attributes.csproj", "{C02F7CE6-5A8C-4850-8DA6-F42A97CD7856}"
EndProject
Project("{9A19103F-16F7-4668-BE54-9A1E7A4F7556}") = "EqualsVersusEqualityOperator", "EqualsVersusOperator==\EqualsVersusEqualityOperator.csproj", "{D42C36D8-937C-426A-BB8B-02CDFE4CB49E}"
EndProject
Project("{FAE04EC0-301F-11D3-BF4B-00C04F79EFBC}") = "InterviewProblems", "InterviewProblems\InterviewProblems.csproj", "{84844E23-23C1-47D6-AD4E-E5057CE193E0}"
EndProject
Global
	GlobalSection(SolutionConfigurationPlatforms) = preSolution
		Debug|Any CPU = Debug|Any CPU
		Debug|x64 = Debug|x64
		Debug|x86 = Debug|x86
		Release|Any CPU = Release|Any CPU
		Release|x64 = Release|x64
		Release|x86 = Release|x86
	EndGlobalSection
	GlobalSection(ProjectConfigurationPlatforms) = postSolution
		{6E2E7DBA-FF60-42DB-AFD8-66D8AC11A547}.Debug|Any CPU.ActiveCfg = Debug|Any CPU
		{6E2E7DBA-FF60-42DB-AFD8-66D8AC11A547}.Debug|Any CPU.Build.0 = Debug|Any CPU
		{6E2E7DBA-FF60-42DB-AFD8-66D8AC11A547}.Debug|x64.ActiveCfg = Debug|Any CPU
		{6E2E7DBA-FF60-42DB-AFD8-66D8AC11A547}.Debug|x64.Build.0 = Debug|Any CPU
		{6E2E7DBA-FF60-42DB-AFD8-66D8AC11A547}.Debug|x86.ActiveCfg = Debug|Any CPU
		{6E2E7DBA-FF60-42DB-AFD8-66D8AC11A547}.Debug|x86.Build.0 = Debug|Any CPU
		{6E2E7DBA-FF60-42DB-AFD8-66D8AC11A547}.Release|Any CPU.ActiveCfg = Release|Any CPU
		{6E2E7DBA-FF60-42DB-AFD8-66D8AC11A547}.Release|Any CPU.Build.0 = Release|Any CPU
		{6E2E7DBA-FF60-42DB-AFD8-66D8AC11A547}.Release|x64.ActiveCfg = Release|Any CPU
		{6E2E7DBA-FF60-42DB-AFD8-66D8AC11A547}.Release|x64.Build.0 = Release|Any CPU
		{6E2E7DBA-FF60-42DB-AFD8-66D8AC11A547}.Release|x86.ActiveCfg = Release|Any CPU
		{6E2E7DBA-FF60-42DB-AFD8-66D8AC11A547}.Release|x86.Build.0 = Release|Any CPU
		{662769A3-721B-45DA-AB71-8D1578A6999A}.Debug|Any CPU.ActiveCfg = Debug|Any CPU
		{662769A3-721B-45DA-AB71-8D1578A6999A}.Debug|Any CPU.Build.0 = Debug|Any CPU
		{662769A3-721B-45DA-AB71-8D1578A6999A}.Debug|x64.ActiveCfg = Debug|Any CPU
		{662769A3-721B-45DA-AB71-8D1578A6999A}.Debug|x64.Build.0 = Debug|Any CPU
		{662769A3-721B-45DA-AB71-8D1578A6999A}.Debug|x86.ActiveCfg = Debug|Any CPU
		{662769A3-721B-45DA-AB71-8D1578A6999A}.Debug|x86.Build.0 = Debug|Any CPU
		{662769A3-721B-45DA-AB71-8D1578A6999A}.Release|Any CPU.ActiveCfg = Release|Any CPU
		{662769A3-721B-45DA-AB71-8D1578A6999A}.Release|Any CPU.Build.0 = Release|Any CPU
		{662769A3-721B-45DA-AB71-8D1578A6999A}.Release|x64.ActiveCfg = Release|Any CPU
		{662769A3-721B-45DA-AB71-8D1578A6999A}.Release|x64.Build.0 = Release|Any CPU
		{662769A3-721B-45DA-AB71-8D1578A6999A}.Release|x86.ActiveCfg = Release|Any CPU
		{662769A3-721B-45DA-AB71-8D1578A6999A}.Release|x86.Build.0 = Release|Any CPU
		{E8BC2B99-A120-4B65-A9F6-A9352F19D5A7}.Debug|Any CPU.ActiveCfg = Debug|Any CPU
		{E8BC2B99-A120-4B65-A9F6-A9352F19D5A7}.Debug|Any CPU.Build.0 = Debug|Any CPU
		{E8BC2B99-A120-4B65-A9F6-A9352F19D5A7}.Debug|x64.ActiveCfg = Debug|Any CPU
		{E8BC2B99-A120-4B65-A9F6-A9352F19D5A7}.Debug|x64.Build.0 = Debug|Any CPU
		{E8BC2B99-A120-4B65-A9F6-A9352F19D5A7}.Debug|x86.ActiveCfg = Debug|Any CPU
		{E8BC2B99-A120-4B65-A9F6-A9352F19D5A7}.Debug|x86.Build.0 = Debug|Any CPU
		{E8BC2B99-A120-4B65-A9F6-A9352F19D5A7}.Release|Any CPU.ActiveCfg = Release|Any CPU
		{E8BC2B99-A120-4B65-A9F6-A9352F19D5A7}.Release|Any CPU.Build.0 = Release|Any CPU
		{E8BC2B99-A120-4B65-A9F6-A9352F19D5A7}.Release|x64.ActiveCfg = Release|Any CPU
		{E8BC2B99-A120-4B65-A9F6-A9352F19D5A7}.Release|x64.Build.0 = Release|Any CPU
		{E8BC2B99-A120-4B65-A9F6-A9352F19D5A7}.Release|x86.ActiveCfg = Release|Any CPU
		{E8BC2B99-A120-4B65-A9F6-A9352F19D5A7}.Release|x86.Build.0 = Release|Any CPU
		{7C9EE71B-356A-4E74-A19E-DB9A5D1C51DF}.Debug|Any CPU.ActiveCfg = Debug|Any CPU
		{7C9EE71B-356A-4E74-A19E-DB9A5D1C51DF}.Debug|Any CPU.Build.0 = Debug|Any CPU
		{7C9EE71B-356A-4E74-A19E-DB9A5D1C51DF}.Debug|x64.ActiveCfg = Debug|Any CPU
		{7C9EE71B-356A-4E74-A19E-DB9A5D1C51DF}.Debug|x64.Build.0 = Debug|Any CPU
		{7C9EE71B-356A-4E74-A19E-DB9A5D1C51DF}.Debug|x86.ActiveCfg = Debug|Any CPU
		{7C9EE71B-356A-4E74-A19E-DB9A5D1C51DF}.Debug|x86.Build.0 = Debug|Any CPU
		{7C9EE71B-356A-4E74-A19E-DB9A5D1C51DF}.Release|Any CPU.ActiveCfg = Release|Any CPU
		{7C9EE71B-356A-4E74-A19E-DB9A5D1C51DF}.Release|Any CPU.Build.0 = Release|Any CPU
		{7C9EE71B-356A-4E74-A19E-DB9A5D1C51DF}.Release|x64.ActiveCfg = Release|Any CPU
		{7C9EE71B-356A-4E74-A19E-DB9A5D1C51DF}.Release|x64.Build.0 = Release|Any CPU
		{7C9EE71B-356A-4E74-A19E-DB9A5D1C51DF}.Release|x86.ActiveCfg = Release|Any CPU
		{7C9EE71B-356A-4E74-A19E-DB9A5D1C51DF}.Release|x86.Build.0 = Release|Any CPU
		{88C33BFD-1A4C-425A-9CFD-C04DD41BF920}.Debug|Any CPU.ActiveCfg = Debug|Any CPU
		{88C33BFD-1A4C-425A-9CFD-C04DD41BF920}.Debug|Any CPU.Build.0 = Debug|Any CPU
		{88C33BFD-1A4C-425A-9CFD-C04DD41BF920}.Debug|x64.ActiveCfg = Debug|Any CPU
		{88C33BFD-1A4C-425A-9CFD-C04DD41BF920}.Debug|x64.Build.0 = Debug|Any CPU
		{88C33BFD-1A4C-425A-9CFD-C04DD41BF920}.Debug|x86.ActiveCfg = Debug|Any CPU
		{88C33BFD-1A4C-425A-9CFD-C04DD41BF920}.Debug|x86.Build.0 = Debug|Any CPU
		{88C33BFD-1A4C-425A-9CFD-C04DD41BF920}.Release|Any CPU.ActiveCfg = Release|Any CPU
		{88C33BFD-1A4C-425A-9CFD-C04DD41BF920}.Release|Any CPU.Build.0 = Release|Any CPU
		{88C33BFD-1A4C-425A-9CFD-C04DD41BF920}.Release|x64.ActiveCfg = Release|Any CPU
		{88C33BFD-1A4C-425A-9CFD-C04DD41BF920}.Release|x64.Build.0 = Release|Any CPU
		{88C33BFD-1A4C-425A-9CFD-C04DD41BF920}.Release|x86.ActiveCfg = Release|Any CPU
		{88C33BFD-1A4C-425A-9CFD-C04DD41BF920}.Release|x86.Build.0 = Release|Any CPU
		{DA9F10AA-1F54-466E-B24A-88BC100F8CB4}.Debug|Any CPU.ActiveCfg = Debug|Any CPU
		{DA9F10AA-1F54-466E-B24A-88BC100F8CB4}.Debug|Any CPU.Build.0 = Debug|Any CPU
		{DA9F10AA-1F54-466E-B24A-88BC100F8CB4}.Debug|x64.ActiveCfg = Debug|Any CPU
		{DA9F10AA-1F54-466E-B24A-88BC100F8CB4}.Debug|x64.Build.0 = Debug|Any CPU
		{DA9F10AA-1F54-466E-B24A-88BC100F8CB4}.Debug|x86.ActiveCfg = Debug|Any CPU
		{DA9F10AA-1F54-466E-B24A-88BC100F8CB4}.Debug|x86.Build.0 = Debug|Any CPU
		{DA9F10AA-1F54-466E-B24A-88BC100F8CB4}.Release|Any CPU.ActiveCfg = Release|Any CPU
		{DA9F10AA-1F54-466E-B24A-88BC100F8CB4}.Release|Any CPU.Build.0 = Release|Any CPU
		{DA9F10AA-1F54-466E-B24A-88BC100F8CB4}.Release|x64.ActiveCfg = Release|Any CPU
		{DA9F10AA-1F54-466E-B24A-88BC100F8CB4}.Release|x64.Build.0 = Release|Any CPU
		{DA9F10AA-1F54-466E-B24A-88BC100F8CB4}.Release|x86.ActiveCfg = Release|Any CPU
		{DA9F10AA-1F54-466E-B24A-88BC100F8CB4}.Release|x86.Build.0 = Release|Any CPU
		{648F3762-3227-432B-B893-016F952B00F8}.Debug|Any CPU.ActiveCfg = Debug|Any CPU
		{648F3762-3227-432B-B893-016F952B00F8}.Debug|Any CPU.Build.0 = Debug|Any CPU
		{648F3762-3227-432B-B893-016F952B00F8}.Debug|x64.ActiveCfg = Debug|Any CPU
		{648F3762-3227-432B-B893-016F952B00F8}.Debug|x64.Build.0 = Debug|Any CPU
		{648F3762-3227-432B-B893-016F952B00F8}.Debug|x86.ActiveCfg = Debug|Any CPU
		{648F3762-3227-432B-B893-016F952B00F8}.Debug|x86.Build.0 = Debug|Any CPU
		{648F3762-3227-432B-B893-016F952B00F8}.Release|Any CPU.ActiveCfg = Release|Any CPU
		{648F3762-3227-432B-B893-016F952B00F8}.Release|Any CPU.Build.0 = Release|Any CPU
		{648F3762-3227-432B-B893-016F952B00F8}.Release|x64.ActiveCfg = Release|Any CPU
		{648F3762-3227-432B-B893-016F952B00F8}.Release|x64.Build.0 = Release|Any CPU
		{648F3762-3227-432B-B893-016F952B00F8}.Release|x86.ActiveCfg = Release|Any CPU
		{648F3762-3227-432B-B893-016F952B00F8}.Release|x86.Build.0 = Release|Any CPU
		{DF4BDDA0-11ED-4713-95E2-FCC65D7F8BD4}.Debug|Any CPU.ActiveCfg = Debug|Any CPU
		{DF4BDDA0-11ED-4713-95E2-FCC65D7F8BD4}.Debug|Any CPU.Build.0 = Debug|Any CPU
		{DF4BDDA0-11ED-4713-95E2-FCC65D7F8BD4}.Debug|x64.ActiveCfg = Debug|Any CPU
		{DF4BDDA0-11ED-4713-95E2-FCC65D7F8BD4}.Debug|x64.Build.0 = Debug|Any CPU
		{DF4BDDA0-11ED-4713-95E2-FCC65D7F8BD4}.Debug|x86.ActiveCfg = Debug|Any CPU
		{DF4BDDA0-11ED-4713-95E2-FCC65D7F8BD4}.Debug|x86.Build.0 = Debug|Any CPU
		{DF4BDDA0-11ED-4713-95E2-FCC65D7F8BD4}.Release|Any CPU.ActiveCfg = Release|Any CPU
		{DF4BDDA0-11ED-4713-95E2-FCC65D7F8BD4}.Release|Any CPU.Build.0 = Release|Any CPU
		{DF4BDDA0-11ED-4713-95E2-FCC65D7F8BD4}.Release|x64.ActiveCfg = Release|Any CPU
		{DF4BDDA0-11ED-4713-95E2-FCC65D7F8BD4}.Release|x64.Build.0 = Release|Any CPU
		{DF4BDDA0-11ED-4713-95E2-FCC65D7F8BD4}.Release|x86.ActiveCfg = Release|Any CPU
		{DF4BDDA0-11ED-4713-95E2-FCC65D7F8BD4}.Release|x86.Build.0 = Release|Any CPU
		{108D7B6D-89B0-4A73-83C9-20B0C19F3DA6}.Debug|Any CPU.ActiveCfg = Debug|Any CPU
		{108D7B6D-89B0-4A73-83C9-20B0C19F3DA6}.Debug|Any CPU.Build.0 = Debug|Any CPU
		{108D7B6D-89B0-4A73-83C9-20B0C19F3DA6}.Debug|x64.ActiveCfg = Debug|Any CPU
		{108D7B6D-89B0-4A73-83C9-20B0C19F3DA6}.Debug|x64.Build.0 = Debug|Any CPU
		{108D7B6D-89B0-4A73-83C9-20B0C19F3DA6}.Debug|x86.ActiveCfg = Debug|Any CPU
		{108D7B6D-89B0-4A73-83C9-20B0C19F3DA6}.Debug|x86.Build.0 = Debug|Any CPU
		{108D7B6D-89B0-4A73-83C9-20B0C19F3DA6}.Release|Any CPU.ActiveCfg = Release|Any CPU
		{108D7B6D-89B0-4A73-83C9-20B0C19F3DA6}.Release|Any CPU.Build.0 = Release|Any CPU
		{108D7B6D-89B0-4A73-83C9-20B0C19F3DA6}.Release|x64.ActiveCfg = Release|Any CPU
		{108D7B6D-89B0-4A73-83C9-20B0C19F3DA6}.Release|x64.Build.0 = Release|Any CPU
		{108D7B6D-89B0-4A73-83C9-20B0C19F3DA6}.Release|x86.ActiveCfg = Release|Any CPU
		{108D7B6D-89B0-4A73-83C9-20B0C19F3DA6}.Release|x86.Build.0 = Release|Any CPU
		{11547920-F0BA-4D6B-8B86-51A95FF7192D}.Debug|Any CPU.ActiveCfg = Debug|Any CPU
		{11547920-F0BA-4D6B-8B86-51A95FF7192D}.Debug|Any CPU.Build.0 = Debug|Any CPU
		{11547920-F0BA-4D6B-8B86-51A95FF7192D}.Debug|x64.ActiveCfg = Debug|Any CPU
		{11547920-F0BA-4D6B-8B86-51A95FF7192D}.Debug|x64.Build.0 = Debug|Any CPU
		{11547920-F0BA-4D6B-8B86-51A95FF7192D}.Debug|x86.ActiveCfg = Debug|Any CPU
		{11547920-F0BA-4D6B-8B86-51A95FF7192D}.Debug|x86.Build.0 = Debug|Any CPU
		{11547920-F0BA-4D6B-8B86-51A95FF7192D}.Release|Any CPU.ActiveCfg = Release|Any CPU
		{11547920-F0BA-4D6B-8B86-51A95FF7192D}.Release|Any CPU.Build.0 = Release|Any CPU
		{11547920-F0BA-4D6B-8B86-51A95FF7192D}.Release|x64.ActiveCfg = Release|Any CPU
		{11547920-F0BA-4D6B-8B86-51A95FF7192D}.Release|x64.Build.0 = Release|Any CPU
		{11547920-F0BA-4D6B-8B86-51A95FF7192D}.Release|x86.ActiveCfg = Release|Any CPU
		{11547920-F0BA-4D6B-8B86-51A95FF7192D}.Release|x86.Build.0 = Release|Any CPU
		{774FF8BE-F126-408C-9A13-FB372522DE32}.Debug|Any CPU.ActiveCfg = Debug|Any CPU
		{774FF8BE-F126-408C-9A13-FB372522DE32}.Debug|Any CPU.Build.0 = Debug|Any CPU
		{774FF8BE-F126-408C-9A13-FB372522DE32}.Debug|x64.ActiveCfg = Debug|Any CPU
		{774FF8BE-F126-408C-9A13-FB372522DE32}.Debug|x64.Build.0 = Debug|Any CPU
		{774FF8BE-F126-408C-9A13-FB372522DE32}.Debug|x86.ActiveCfg = Debug|Any CPU
		{774FF8BE-F126-408C-9A13-FB372522DE32}.Debug|x86.Build.0 = Debug|Any CPU
		{774FF8BE-F126-408C-9A13-FB372522DE32}.Release|Any CPU.ActiveCfg = Release|Any CPU
		{774FF8BE-F126-408C-9A13-FB372522DE32}.Release|Any CPU.Build.0 = Release|Any CPU
		{774FF8BE-F126-408C-9A13-FB372522DE32}.Release|x64.ActiveCfg = Release|Any CPU
		{774FF8BE-F126-408C-9A13-FB372522DE32}.Release|x64.Build.0 = Release|Any CPU
		{774FF8BE-F126-408C-9A13-FB372522DE32}.Release|x86.ActiveCfg = Release|Any CPU
		{774FF8BE-F126-408C-9A13-FB372522DE32}.Release|x86.Build.0 = Release|Any CPU
		{5B20BE71-115E-4B84-973F-05EF0A136BF7}.Debug|Any CPU.ActiveCfg = Debug|Any CPU
		{5B20BE71-115E-4B84-973F-05EF0A136BF7}.Debug|Any CPU.Build.0 = Debug|Any CPU
		{5B20BE71-115E-4B84-973F-05EF0A136BF7}.Debug|x64.ActiveCfg = Debug|Any CPU
		{5B20BE71-115E-4B84-973F-05EF0A136BF7}.Debug|x64.Build.0 = Debug|Any CPU
		{5B20BE71-115E-4B84-973F-05EF0A136BF7}.Debug|x86.ActiveCfg = Debug|Any CPU
		{5B20BE71-115E-4B84-973F-05EF0A136BF7}.Debug|x86.Build.0 = Debug|Any CPU
		{5B20BE71-115E-4B84-973F-05EF0A136BF7}.Release|Any CPU.ActiveCfg = Release|Any CPU
		{5B20BE71-115E-4B84-973F-05EF0A136BF7}.Release|Any CPU.Build.0 = Release|Any CPU
		{5B20BE71-115E-4B84-973F-05EF0A136BF7}.Release|x64.ActiveCfg = Release|Any CPU
		{5B20BE71-115E-4B84-973F-05EF0A136BF7}.Release|x64.Build.0 = Release|Any CPU
		{5B20BE71-115E-4B84-973F-05EF0A136BF7}.Release|x86.ActiveCfg = Release|Any CPU
		{5B20BE71-115E-4B84-973F-05EF0A136BF7}.Release|x86.Build.0 = Release|Any CPU
		{66489618-5CBD-427C-AF5B-813F9337454B}.Debug|Any CPU.ActiveCfg = Debug|Any CPU
		{66489618-5CBD-427C-AF5B-813F9337454B}.Debug|Any CPU.Build.0 = Debug|Any CPU
		{66489618-5CBD-427C-AF5B-813F9337454B}.Debug|x64.ActiveCfg = Debug|Any CPU
		{66489618-5CBD-427C-AF5B-813F9337454B}.Debug|x64.Build.0 = Debug|Any CPU
		{66489618-5CBD-427C-AF5B-813F9337454B}.Debug|x86.ActiveCfg = Debug|Any CPU
		{66489618-5CBD-427C-AF5B-813F9337454B}.Debug|x86.Build.0 = Debug|Any CPU
		{66489618-5CBD-427C-AF5B-813F9337454B}.Release|Any CPU.ActiveCfg = Release|Any CPU
		{66489618-5CBD-427C-AF5B-813F9337454B}.Release|Any CPU.Build.0 = Release|Any CPU
		{66489618-5CBD-427C-AF5B-813F9337454B}.Release|x64.ActiveCfg = Release|Any CPU
		{66489618-5CBD-427C-AF5B-813F9337454B}.Release|x64.Build.0 = Release|Any CPU
		{66489618-5CBD-427C-AF5B-813F9337454B}.Release|x86.ActiveCfg = Release|Any CPU
		{66489618-5CBD-427C-AF5B-813F9337454B}.Release|x86.Build.0 = Release|Any CPU
		{17C7C1B0-D51D-4833-AF3F-770DC0A43B2C}.Debug|Any CPU.ActiveCfg = Debug|Any CPU
		{17C7C1B0-D51D-4833-AF3F-770DC0A43B2C}.Debug|Any CPU.Build.0 = Debug|Any CPU
		{17C7C1B0-D51D-4833-AF3F-770DC0A43B2C}.Debug|x64.ActiveCfg = Debug|Any CPU
		{17C7C1B0-D51D-4833-AF3F-770DC0A43B2C}.Debug|x64.Build.0 = Debug|Any CPU
		{17C7C1B0-D51D-4833-AF3F-770DC0A43B2C}.Debug|x86.ActiveCfg = Debug|Any CPU
		{17C7C1B0-D51D-4833-AF3F-770DC0A43B2C}.Debug|x86.Build.0 = Debug|Any CPU
		{17C7C1B0-D51D-4833-AF3F-770DC0A43B2C}.Release|Any CPU.ActiveCfg = Release|Any CPU
		{17C7C1B0-D51D-4833-AF3F-770DC0A43B2C}.Release|Any CPU.Build.0 = Release|Any CPU
		{17C7C1B0-D51D-4833-AF3F-770DC0A43B2C}.Release|x64.ActiveCfg = Release|Any CPU
		{17C7C1B0-D51D-4833-AF3F-770DC0A43B2C}.Release|x64.Build.0 = Release|Any CPU
		{17C7C1B0-D51D-4833-AF3F-770DC0A43B2C}.Release|x86.ActiveCfg = Release|Any CPU
		{17C7C1B0-D51D-4833-AF3F-770DC0A43B2C}.Release|x86.Build.0 = Release|Any CPU
		{716A529E-E8F1-41BD-B8CB-F5B60C348647}.Debug|Any CPU.ActiveCfg = Debug|Any CPU
		{716A529E-E8F1-41BD-B8CB-F5B60C348647}.Debug|Any CPU.Build.0 = Debug|Any CPU
		{716A529E-E8F1-41BD-B8CB-F5B60C348647}.Debug|x64.ActiveCfg = Debug|Any CPU
		{716A529E-E8F1-41BD-B8CB-F5B60C348647}.Debug|x64.Build.0 = Debug|Any CPU
		{716A529E-E8F1-41BD-B8CB-F5B60C348647}.Debug|x86.ActiveCfg = Debug|Any CPU
		{716A529E-E8F1-41BD-B8CB-F5B60C348647}.Debug|x86.Build.0 = Debug|Any CPU
		{716A529E-E8F1-41BD-B8CB-F5B60C348647}.Release|Any CPU.ActiveCfg = Release|Any CPU
		{716A529E-E8F1-41BD-B8CB-F5B60C348647}.Release|Any CPU.Build.0 = Release|Any CPU
		{716A529E-E8F1-41BD-B8CB-F5B60C348647}.Release|x64.ActiveCfg = Release|Any CPU
		{716A529E-E8F1-41BD-B8CB-F5B60C348647}.Release|x64.Build.0 = Release|Any CPU
		{716A529E-E8F1-41BD-B8CB-F5B60C348647}.Release|x86.ActiveCfg = Release|Any CPU
		{716A529E-E8F1-41BD-B8CB-F5B60C348647}.Release|x86.Build.0 = Release|Any CPU
		{95DE4916-A189-4C26-B063-EA409A072832}.Debug|Any CPU.ActiveCfg = Debug|Any CPU
		{95DE4916-A189-4C26-B063-EA409A072832}.Debug|Any CPU.Build.0 = Debug|Any CPU
		{95DE4916-A189-4C26-B063-EA409A072832}.Debug|x64.ActiveCfg = Debug|Any CPU
		{95DE4916-A189-4C26-B063-EA409A072832}.Debug|x64.Build.0 = Debug|Any CPU
		{95DE4916-A189-4C26-B063-EA409A072832}.Debug|x86.ActiveCfg = Debug|Any CPU
		{95DE4916-A189-4C26-B063-EA409A072832}.Debug|x86.Build.0 = Debug|Any CPU
		{95DE4916-A189-4C26-B063-EA409A072832}.Release|Any CPU.ActiveCfg = Release|Any CPU
		{95DE4916-A189-4C26-B063-EA409A072832}.Release|Any CPU.Build.0 = Release|Any CPU
		{95DE4916-A189-4C26-B063-EA409A072832}.Release|x64.ActiveCfg = Release|Any CPU
		{95DE4916-A189-4C26-B063-EA409A072832}.Release|x64.Build.0 = Release|Any CPU
		{95DE4916-A189-4C26-B063-EA409A072832}.Release|x86.ActiveCfg = Release|Any CPU
		{95DE4916-A189-4C26-B063-EA409A072832}.Release|x86.Build.0 = Release|Any CPU
		{57B4B4C8-BDCB-49CE-B76D-FB2CF24BEBA8}.Debug|Any CPU.ActiveCfg = Debug|Any CPU
		{57B4B4C8-BDCB-49CE-B76D-FB2CF24BEBA8}.Debug|Any CPU.Build.0 = Debug|Any CPU
		{57B4B4C8-BDCB-49CE-B76D-FB2CF24BEBA8}.Debug|x64.ActiveCfg = Debug|Any CPU
		{57B4B4C8-BDCB-49CE-B76D-FB2CF24BEBA8}.Debug|x64.Build.0 = Debug|Any CPU
		{57B4B4C8-BDCB-49CE-B76D-FB2CF24BEBA8}.Debug|x86.ActiveCfg = Debug|Any CPU
		{57B4B4C8-BDCB-49CE-B76D-FB2CF24BEBA8}.Debug|x86.Build.0 = Debug|Any CPU
		{57B4B4C8-BDCB-49CE-B76D-FB2CF24BEBA8}.Release|Any CPU.ActiveCfg = Release|Any CPU
		{57B4B4C8-BDCB-49CE-B76D-FB2CF24BEBA8}.Release|Any CPU.Build.0 = Release|Any CPU
		{57B4B4C8-BDCB-49CE-B76D-FB2CF24BEBA8}.Release|x64.ActiveCfg = Release|Any CPU
		{57B4B4C8-BDCB-49CE-B76D-FB2CF24BEBA8}.Release|x64.Build.0 = Release|Any CPU
		{57B4B4C8-BDCB-49CE-B76D-FB2CF24BEBA8}.Release|x86.ActiveCfg = Release|Any CPU
		{57B4B4C8-BDCB-49CE-B76D-FB2CF24BEBA8}.Release|x86.Build.0 = Release|Any CPU
		{AA966D84-2C18-4D26-AAA8-4E25D3D7F97D}.Debug|Any CPU.ActiveCfg = Debug|Any CPU
		{AA966D84-2C18-4D26-AAA8-4E25D3D7F97D}.Debug|Any CPU.Build.0 = Debug|Any CPU
		{AA966D84-2C18-4D26-AAA8-4E25D3D7F97D}.Debug|x64.ActiveCfg = Debug|Any CPU
		{AA966D84-2C18-4D26-AAA8-4E25D3D7F97D}.Debug|x64.Build.0 = Debug|Any CPU
		{AA966D84-2C18-4D26-AAA8-4E25D3D7F97D}.Debug|x86.ActiveCfg = Debug|Any CPU
		{AA966D84-2C18-4D26-AAA8-4E25D3D7F97D}.Debug|x86.Build.0 = Debug|Any CPU
		{AA966D84-2C18-4D26-AAA8-4E25D3D7F97D}.Release|Any CPU.ActiveCfg = Release|Any CPU
		{AA966D84-2C18-4D26-AAA8-4E25D3D7F97D}.Release|Any CPU.Build.0 = Release|Any CPU
		{AA966D84-2C18-4D26-AAA8-4E25D3D7F97D}.Release|x64.ActiveCfg = Release|Any CPU
		{AA966D84-2C18-4D26-AAA8-4E25D3D7F97D}.Release|x64.Build.0 = Release|Any CPU
		{AA966D84-2C18-4D26-AAA8-4E25D3D7F97D}.Release|x86.ActiveCfg = Release|Any CPU
		{AA966D84-2C18-4D26-AAA8-4E25D3D7F97D}.Release|x86.Build.0 = Release|Any CPU
		{50423861-2F00-4A6E-905D-FD170E1C7D1E}.Debug|Any CPU.ActiveCfg = Debug|Any CPU
		{50423861-2F00-4A6E-905D-FD170E1C7D1E}.Debug|Any CPU.Build.0 = Debug|Any CPU
		{50423861-2F00-4A6E-905D-FD170E1C7D1E}.Debug|x64.ActiveCfg = Debug|Any CPU
		{50423861-2F00-4A6E-905D-FD170E1C7D1E}.Debug|x64.Build.0 = Debug|Any CPU
		{50423861-2F00-4A6E-905D-FD170E1C7D1E}.Debug|x86.ActiveCfg = Debug|Any CPU
		{50423861-2F00-4A6E-905D-FD170E1C7D1E}.Debug|x86.Build.0 = Debug|Any CPU
		{50423861-2F00-4A6E-905D-FD170E1C7D1E}.Release|Any CPU.ActiveCfg = Release|Any CPU
		{50423861-2F00-4A6E-905D-FD170E1C7D1E}.Release|Any CPU.Build.0 = Release|Any CPU
		{50423861-2F00-4A6E-905D-FD170E1C7D1E}.Release|x64.ActiveCfg = Release|Any CPU
		{50423861-2F00-4A6E-905D-FD170E1C7D1E}.Release|x64.Build.0 = Release|Any CPU
		{50423861-2F00-4A6E-905D-FD170E1C7D1E}.Release|x86.ActiveCfg = Release|Any CPU
		{50423861-2F00-4A6E-905D-FD170E1C7D1E}.Release|x86.Build.0 = Release|Any CPU
		{3176CC83-91D4-427E-A56E-834E7BBFD5AD}.Debug|Any CPU.ActiveCfg = Debug|Any CPU
		{3176CC83-91D4-427E-A56E-834E7BBFD5AD}.Debug|Any CPU.Build.0 = Debug|Any CPU
		{3176CC83-91D4-427E-A56E-834E7BBFD5AD}.Debug|x64.ActiveCfg = Debug|Any CPU
		{3176CC83-91D4-427E-A56E-834E7BBFD5AD}.Debug|x64.Build.0 = Debug|Any CPU
		{3176CC83-91D4-427E-A56E-834E7BBFD5AD}.Debug|x86.ActiveCfg = Debug|Any CPU
		{3176CC83-91D4-427E-A56E-834E7BBFD5AD}.Debug|x86.Build.0 = Debug|Any CPU
		{3176CC83-91D4-427E-A56E-834E7BBFD5AD}.Release|Any CPU.ActiveCfg = Release|Any CPU
		{3176CC83-91D4-427E-A56E-834E7BBFD5AD}.Release|Any CPU.Build.0 = Release|Any CPU
		{3176CC83-91D4-427E-A56E-834E7BBFD5AD}.Release|x64.ActiveCfg = Release|Any CPU
		{3176CC83-91D4-427E-A56E-834E7BBFD5AD}.Release|x64.Build.0 = Release|Any CPU
		{3176CC83-91D4-427E-A56E-834E7BBFD5AD}.Release|x86.ActiveCfg = Release|Any CPU
		{3176CC83-91D4-427E-A56E-834E7BBFD5AD}.Release|x86.Build.0 = Release|Any CPU
		{CA8C9120-09E0-4843-A1B2-0B48192BFBB1}.Debug|Any CPU.ActiveCfg = Debug|Any CPU
		{CA8C9120-09E0-4843-A1B2-0B48192BFBB1}.Debug|Any CPU.Build.0 = Debug|Any CPU
		{CA8C9120-09E0-4843-A1B2-0B48192BFBB1}.Debug|x64.ActiveCfg = Debug|Any CPU
		{CA8C9120-09E0-4843-A1B2-0B48192BFBB1}.Debug|x64.Build.0 = Debug|Any CPU
		{CA8C9120-09E0-4843-A1B2-0B48192BFBB1}.Debug|x86.ActiveCfg = Debug|Any CPU
		{CA8C9120-09E0-4843-A1B2-0B48192BFBB1}.Debug|x86.Build.0 = Debug|Any CPU
		{CA8C9120-09E0-4843-A1B2-0B48192BFBB1}.Release|Any CPU.ActiveCfg = Release|Any CPU
		{CA8C9120-09E0-4843-A1B2-0B48192BFBB1}.Release|Any CPU.Build.0 = Release|Any CPU
		{CA8C9120-09E0-4843-A1B2-0B48192BFBB1}.Release|x64.ActiveCfg = Release|Any CPU
		{CA8C9120-09E0-4843-A1B2-0B48192BFBB1}.Release|x64.Build.0 = Release|Any CPU
		{CA8C9120-09E0-4843-A1B2-0B48192BFBB1}.Release|x86.ActiveCfg = Release|Any CPU
		{CA8C9120-09E0-4843-A1B2-0B48192BFBB1}.Release|x86.Build.0 = Release|Any CPU
		{5A1F002B-D925-483C-BD59-30D97A7D2026}.Debug|Any CPU.ActiveCfg = Debug|Any CPU
		{5A1F002B-D925-483C-BD59-30D97A7D2026}.Debug|Any CPU.Build.0 = Debug|Any CPU
		{5A1F002B-D925-483C-BD59-30D97A7D2026}.Debug|x64.ActiveCfg = Debug|Any CPU
		{5A1F002B-D925-483C-BD59-30D97A7D2026}.Debug|x64.Build.0 = Debug|Any CPU
		{5A1F002B-D925-483C-BD59-30D97A7D2026}.Debug|x86.ActiveCfg = Debug|Any CPU
		{5A1F002B-D925-483C-BD59-30D97A7D2026}.Debug|x86.Build.0 = Debug|Any CPU
		{5A1F002B-D925-483C-BD59-30D97A7D2026}.Release|Any CPU.ActiveCfg = Release|Any CPU
		{5A1F002B-D925-483C-BD59-30D97A7D2026}.Release|Any CPU.Build.0 = Release|Any CPU
		{5A1F002B-D925-483C-BD59-30D97A7D2026}.Release|x64.ActiveCfg = Release|Any CPU
		{5A1F002B-D925-483C-BD59-30D97A7D2026}.Release|x64.Build.0 = Release|Any CPU
		{5A1F002B-D925-483C-BD59-30D97A7D2026}.Release|x86.ActiveCfg = Release|Any CPU
		{5A1F002B-D925-483C-BD59-30D97A7D2026}.Release|x86.Build.0 = Release|Any CPU
		{149DC967-4C35-4154-B141-282874319DB4}.Debug|Any CPU.ActiveCfg = Debug|Any CPU
		{149DC967-4C35-4154-B141-282874319DB4}.Debug|Any CPU.Build.0 = Debug|Any CPU
		{149DC967-4C35-4154-B141-282874319DB4}.Debug|x64.ActiveCfg = Debug|Any CPU
		{149DC967-4C35-4154-B141-282874319DB4}.Debug|x64.Build.0 = Debug|Any CPU
		{149DC967-4C35-4154-B141-282874319DB4}.Debug|x86.ActiveCfg = Debug|Any CPU
		{149DC967-4C35-4154-B141-282874319DB4}.Debug|x86.Build.0 = Debug|Any CPU
		{149DC967-4C35-4154-B141-282874319DB4}.Release|Any CPU.ActiveCfg = Release|Any CPU
		{149DC967-4C35-4154-B141-282874319DB4}.Release|Any CPU.Build.0 = Release|Any CPU
		{149DC967-4C35-4154-B141-282874319DB4}.Release|x64.ActiveCfg = Release|Any CPU
		{149DC967-4C35-4154-B141-282874319DB4}.Release|x64.Build.0 = Release|Any CPU
		{149DC967-4C35-4154-B141-282874319DB4}.Release|x86.ActiveCfg = Release|Any CPU
		{149DC967-4C35-4154-B141-282874319DB4}.Release|x86.Build.0 = Release|Any CPU
		{AEB9E4DB-BCB0-4298-A06B-B0327833434C}.Debug|Any CPU.ActiveCfg = Debug|Any CPU
		{AEB9E4DB-BCB0-4298-A06B-B0327833434C}.Debug|Any CPU.Build.0 = Debug|Any CPU
		{AEB9E4DB-BCB0-4298-A06B-B0327833434C}.Debug|x64.ActiveCfg = Debug|Any CPU
		{AEB9E4DB-BCB0-4298-A06B-B0327833434C}.Debug|x64.Build.0 = Debug|Any CPU
		{AEB9E4DB-BCB0-4298-A06B-B0327833434C}.Debug|x86.ActiveCfg = Debug|Any CPU
		{AEB9E4DB-BCB0-4298-A06B-B0327833434C}.Debug|x86.Build.0 = Debug|Any CPU
		{AEB9E4DB-BCB0-4298-A06B-B0327833434C}.Release|Any CPU.ActiveCfg = Release|Any CPU
		{AEB9E4DB-BCB0-4298-A06B-B0327833434C}.Release|Any CPU.Build.0 = Release|Any CPU
		{AEB9E4DB-BCB0-4298-A06B-B0327833434C}.Release|x64.ActiveCfg = Release|Any CPU
		{AEB9E4DB-BCB0-4298-A06B-B0327833434C}.Release|x64.Build.0 = Release|Any CPU
		{AEB9E4DB-BCB0-4298-A06B-B0327833434C}.Release|x86.ActiveCfg = Release|Any CPU
		{AEB9E4DB-BCB0-4298-A06B-B0327833434C}.Release|x86.Build.0 = Release|Any CPU
		{01822402-5E3E-4CB1-B603-AFA27114C6E5}.Debug|Any CPU.ActiveCfg = Debug|Any CPU
		{01822402-5E3E-4CB1-B603-AFA27114C6E5}.Debug|Any CPU.Build.0 = Debug|Any CPU
		{01822402-5E3E-4CB1-B603-AFA27114C6E5}.Debug|x64.ActiveCfg = Debug|Any CPU
		{01822402-5E3E-4CB1-B603-AFA27114C6E5}.Debug|x64.Build.0 = Debug|Any CPU
		{01822402-5E3E-4CB1-B603-AFA27114C6E5}.Debug|x86.ActiveCfg = Debug|Any CPU
		{01822402-5E3E-4CB1-B603-AFA27114C6E5}.Debug|x86.Build.0 = Debug|Any CPU
		{01822402-5E3E-4CB1-B603-AFA27114C6E5}.Release|Any CPU.ActiveCfg = Release|Any CPU
		{01822402-5E3E-4CB1-B603-AFA27114C6E5}.Release|Any CPU.Build.0 = Release|Any CPU
		{01822402-5E3E-4CB1-B603-AFA27114C6E5}.Release|x64.ActiveCfg = Release|Any CPU
		{01822402-5E3E-4CB1-B603-AFA27114C6E5}.Release|x64.Build.0 = Release|Any CPU
		{01822402-5E3E-4CB1-B603-AFA27114C6E5}.Release|x86.ActiveCfg = Release|Any CPU
		{01822402-5E3E-4CB1-B603-AFA27114C6E5}.Release|x86.Build.0 = Release|Any CPU
		{33EA4A07-21B7-454E-BAF1-6CBC81862453}.Debug|Any CPU.ActiveCfg = Debug|Any CPU
		{33EA4A07-21B7-454E-BAF1-6CBC81862453}.Debug|Any CPU.Build.0 = Debug|Any CPU
		{33EA4A07-21B7-454E-BAF1-6CBC81862453}.Debug|x64.ActiveCfg = Debug|Any CPU
		{33EA4A07-21B7-454E-BAF1-6CBC81862453}.Debug|x64.Build.0 = Debug|Any CPU
		{33EA4A07-21B7-454E-BAF1-6CBC81862453}.Debug|x86.ActiveCfg = Debug|Any CPU
		{33EA4A07-21B7-454E-BAF1-6CBC81862453}.Debug|x86.Build.0 = Debug|Any CPU
		{33EA4A07-21B7-454E-BAF1-6CBC81862453}.Release|Any CPU.ActiveCfg = Release|Any CPU
		{33EA4A07-21B7-454E-BAF1-6CBC81862453}.Release|Any CPU.Build.0 = Release|Any CPU
		{33EA4A07-21B7-454E-BAF1-6CBC81862453}.Release|x64.ActiveCfg = Release|Any CPU
		{33EA4A07-21B7-454E-BAF1-6CBC81862453}.Release|x64.Build.0 = Release|Any CPU
		{33EA4A07-21B7-454E-BAF1-6CBC81862453}.Release|x86.ActiveCfg = Release|Any CPU
		{33EA4A07-21B7-454E-BAF1-6CBC81862453}.Release|x86.Build.0 = Release|Any CPU
		{C1DF2B49-03AE-4DE7-BE8B-7164B3ECA7D5}.Debug|Any CPU.ActiveCfg = Debug|Any CPU
		{C1DF2B49-03AE-4DE7-BE8B-7164B3ECA7D5}.Debug|Any CPU.Build.0 = Debug|Any CPU
		{C1DF2B49-03AE-4DE7-BE8B-7164B3ECA7D5}.Debug|x64.ActiveCfg = Debug|Any CPU
		{C1DF2B49-03AE-4DE7-BE8B-7164B3ECA7D5}.Debug|x64.Build.0 = Debug|Any CPU
		{C1DF2B49-03AE-4DE7-BE8B-7164B3ECA7D5}.Debug|x86.ActiveCfg = Debug|Any CPU
		{C1DF2B49-03AE-4DE7-BE8B-7164B3ECA7D5}.Debug|x86.Build.0 = Debug|Any CPU
		{C1DF2B49-03AE-4DE7-BE8B-7164B3ECA7D5}.Release|Any CPU.ActiveCfg = Release|Any CPU
		{C1DF2B49-03AE-4DE7-BE8B-7164B3ECA7D5}.Release|Any CPU.Build.0 = Release|Any CPU
		{C1DF2B49-03AE-4DE7-BE8B-7164B3ECA7D5}.Release|x64.ActiveCfg = Release|Any CPU
		{C1DF2B49-03AE-4DE7-BE8B-7164B3ECA7D5}.Release|x64.Build.0 = Release|Any CPU
		{C1DF2B49-03AE-4DE7-BE8B-7164B3ECA7D5}.Release|x86.ActiveCfg = Release|Any CPU
		{C1DF2B49-03AE-4DE7-BE8B-7164B3ECA7D5}.Release|x86.Build.0 = Release|Any CPU
		{918438C0-0297-4703-9CFA-D9FF9DFA9B47}.Debug|Any CPU.ActiveCfg = Debug|Any CPU
		{918438C0-0297-4703-9CFA-D9FF9DFA9B47}.Debug|Any CPU.Build.0 = Debug|Any CPU
		{918438C0-0297-4703-9CFA-D9FF9DFA9B47}.Debug|x64.ActiveCfg = Debug|Any CPU
		{918438C0-0297-4703-9CFA-D9FF9DFA9B47}.Debug|x64.Build.0 = Debug|Any CPU
		{918438C0-0297-4703-9CFA-D9FF9DFA9B47}.Debug|x86.ActiveCfg = Debug|Any CPU
		{918438C0-0297-4703-9CFA-D9FF9DFA9B47}.Debug|x86.Build.0 = Debug|Any CPU
		{918438C0-0297-4703-9CFA-D9FF9DFA9B47}.Release|Any CPU.ActiveCfg = Release|Any CPU
		{918438C0-0297-4703-9CFA-D9FF9DFA9B47}.Release|Any CPU.Build.0 = Release|Any CPU
		{918438C0-0297-4703-9CFA-D9FF9DFA9B47}.Release|x64.ActiveCfg = Release|Any CPU
		{918438C0-0297-4703-9CFA-D9FF9DFA9B47}.Release|x64.Build.0 = Release|Any CPU
		{918438C0-0297-4703-9CFA-D9FF9DFA9B47}.Release|x86.ActiveCfg = Release|Any CPU
		{918438C0-0297-4703-9CFA-D9FF9DFA9B47}.Release|x86.Build.0 = Release|Any CPU
		{4B82ECF8-3537-44FC-BDF4-9D9A55977BCE}.Debug|Any CPU.ActiveCfg = Debug|Any CPU
		{4B82ECF8-3537-44FC-BDF4-9D9A55977BCE}.Debug|Any CPU.Build.0 = Debug|Any CPU
		{4B82ECF8-3537-44FC-BDF4-9D9A55977BCE}.Debug|x64.ActiveCfg = Debug|Any CPU
		{4B82ECF8-3537-44FC-BDF4-9D9A55977BCE}.Debug|x64.Build.0 = Debug|Any CPU
		{4B82ECF8-3537-44FC-BDF4-9D9A55977BCE}.Debug|x86.ActiveCfg = Debug|Any CPU
		{4B82ECF8-3537-44FC-BDF4-9D9A55977BCE}.Debug|x86.Build.0 = Debug|Any CPU
		{4B82ECF8-3537-44FC-BDF4-9D9A55977BCE}.Release|Any CPU.ActiveCfg = Release|Any CPU
		{4B82ECF8-3537-44FC-BDF4-9D9A55977BCE}.Release|Any CPU.Build.0 = Release|Any CPU
		{4B82ECF8-3537-44FC-BDF4-9D9A55977BCE}.Release|x64.ActiveCfg = Release|Any CPU
		{4B82ECF8-3537-44FC-BDF4-9D9A55977BCE}.Release|x64.Build.0 = Release|Any CPU
		{4B82ECF8-3537-44FC-BDF4-9D9A55977BCE}.Release|x86.ActiveCfg = Release|Any CPU
		{4B82ECF8-3537-44FC-BDF4-9D9A55977BCE}.Release|x86.Build.0 = Release|Any CPU
		{FBB5470D-F62C-4E47-BC4C-3189A722AC78}.Debug|Any CPU.ActiveCfg = Debug|Any CPU
		{FBB5470D-F62C-4E47-BC4C-3189A722AC78}.Debug|Any CPU.Build.0 = Debug|Any CPU
		{FBB5470D-F62C-4E47-BC4C-3189A722AC78}.Debug|x64.ActiveCfg = Debug|Any CPU
		{FBB5470D-F62C-4E47-BC4C-3189A722AC78}.Debug|x64.Build.0 = Debug|Any CPU
		{FBB5470D-F62C-4E47-BC4C-3189A722AC78}.Debug|x86.ActiveCfg = Debug|Any CPU
		{FBB5470D-F62C-4E47-BC4C-3189A722AC78}.Debug|x86.Build.0 = Debug|Any CPU
		{FBB5470D-F62C-4E47-BC4C-3189A722AC78}.Release|Any CPU.ActiveCfg = Release|Any CPU
		{FBB5470D-F62C-4E47-BC4C-3189A722AC78}.Release|Any CPU.Build.0 = Release|Any CPU
		{FBB5470D-F62C-4E47-BC4C-3189A722AC78}.Release|x64.ActiveCfg = Release|Any CPU
		{FBB5470D-F62C-4E47-BC4C-3189A722AC78}.Release|x64.Build.0 = Release|Any CPU
		{FBB5470D-F62C-4E47-BC4C-3189A722AC78}.Release|x86.ActiveCfg = Release|Any CPU
		{FBB5470D-F62C-4E47-BC4C-3189A722AC78}.Release|x86.Build.0 = Release|Any CPU
		{7A10079D-4437-4289-904F-B2CB3DC2DC3A}.Debug|Any CPU.ActiveCfg = Debug|Any CPU
		{7A10079D-4437-4289-904F-B2CB3DC2DC3A}.Debug|Any CPU.Build.0 = Debug|Any CPU
		{7A10079D-4437-4289-904F-B2CB3DC2DC3A}.Debug|x64.ActiveCfg = Debug|Any CPU
		{7A10079D-4437-4289-904F-B2CB3DC2DC3A}.Debug|x64.Build.0 = Debug|Any CPU
		{7A10079D-4437-4289-904F-B2CB3DC2DC3A}.Debug|x86.ActiveCfg = Debug|Any CPU
		{7A10079D-4437-4289-904F-B2CB3DC2DC3A}.Debug|x86.Build.0 = Debug|Any CPU
		{7A10079D-4437-4289-904F-B2CB3DC2DC3A}.Release|Any CPU.ActiveCfg = Release|Any CPU
		{7A10079D-4437-4289-904F-B2CB3DC2DC3A}.Release|Any CPU.Build.0 = Release|Any CPU
		{7A10079D-4437-4289-904F-B2CB3DC2DC3A}.Release|x64.ActiveCfg = Release|Any CPU
		{7A10079D-4437-4289-904F-B2CB3DC2DC3A}.Release|x64.Build.0 = Release|Any CPU
		{7A10079D-4437-4289-904F-B2CB3DC2DC3A}.Release|x86.ActiveCfg = Release|Any CPU
		{7A10079D-4437-4289-904F-B2CB3DC2DC3A}.Release|x86.Build.0 = Release|Any CPU
		{6E1496F6-9455-45E1-A2F8-9109D960CDDA}.Debug|Any CPU.ActiveCfg = Debug|Any CPU
		{6E1496F6-9455-45E1-A2F8-9109D960CDDA}.Debug|Any CPU.Build.0 = Debug|Any CPU
		{6E1496F6-9455-45E1-A2F8-9109D960CDDA}.Debug|x64.ActiveCfg = Debug|Any CPU
		{6E1496F6-9455-45E1-A2F8-9109D960CDDA}.Debug|x64.Build.0 = Debug|Any CPU
		{6E1496F6-9455-45E1-A2F8-9109D960CDDA}.Debug|x86.ActiveCfg = Debug|Any CPU
		{6E1496F6-9455-45E1-A2F8-9109D960CDDA}.Debug|x86.Build.0 = Debug|Any CPU
		{6E1496F6-9455-45E1-A2F8-9109D960CDDA}.Release|Any CPU.ActiveCfg = Release|Any CPU
		{6E1496F6-9455-45E1-A2F8-9109D960CDDA}.Release|Any CPU.Build.0 = Release|Any CPU
		{6E1496F6-9455-45E1-A2F8-9109D960CDDA}.Release|x64.ActiveCfg = Release|Any CPU
		{6E1496F6-9455-45E1-A2F8-9109D960CDDA}.Release|x64.Build.0 = Release|Any CPU
		{6E1496F6-9455-45E1-A2F8-9109D960CDDA}.Release|x86.ActiveCfg = Release|Any CPU
		{6E1496F6-9455-45E1-A2F8-9109D960CDDA}.Release|x86.Build.0 = Release|Any CPU
		{E4C00175-DB7C-4789-94D8-5B92D6A63712}.Debug|Any CPU.ActiveCfg = Debug|Any CPU
		{E4C00175-DB7C-4789-94D8-5B92D6A63712}.Debug|Any CPU.Build.0 = Debug|Any CPU
		{E4C00175-DB7C-4789-94D8-5B92D6A63712}.Debug|x64.ActiveCfg = Debug|Any CPU
		{E4C00175-DB7C-4789-94D8-5B92D6A63712}.Debug|x64.Build.0 = Debug|Any CPU
		{E4C00175-DB7C-4789-94D8-5B92D6A63712}.Debug|x86.ActiveCfg = Debug|Any CPU
		{E4C00175-DB7C-4789-94D8-5B92D6A63712}.Debug|x86.Build.0 = Debug|Any CPU
		{E4C00175-DB7C-4789-94D8-5B92D6A63712}.Release|Any CPU.ActiveCfg = Release|Any CPU
		{E4C00175-DB7C-4789-94D8-5B92D6A63712}.Release|Any CPU.Build.0 = Release|Any CPU
		{E4C00175-DB7C-4789-94D8-5B92D6A63712}.Release|x64.ActiveCfg = Release|Any CPU
		{E4C00175-DB7C-4789-94D8-5B92D6A63712}.Release|x64.Build.0 = Release|Any CPU
		{E4C00175-DB7C-4789-94D8-5B92D6A63712}.Release|x86.ActiveCfg = Release|Any CPU
		{E4C00175-DB7C-4789-94D8-5B92D6A63712}.Release|x86.Build.0 = Release|Any CPU
		{6C7A23EF-3822-4D10-AFB6-75EACB896FB2}.Debug|Any CPU.ActiveCfg = Debug|Any CPU
		{6C7A23EF-3822-4D10-AFB6-75EACB896FB2}.Debug|Any CPU.Build.0 = Debug|Any CPU
		{6C7A23EF-3822-4D10-AFB6-75EACB896FB2}.Debug|x64.ActiveCfg = Debug|Any CPU
		{6C7A23EF-3822-4D10-AFB6-75EACB896FB2}.Debug|x64.Build.0 = Debug|Any CPU
		{6C7A23EF-3822-4D10-AFB6-75EACB896FB2}.Debug|x86.ActiveCfg = Debug|Any CPU
		{6C7A23EF-3822-4D10-AFB6-75EACB896FB2}.Debug|x86.Build.0 = Debug|Any CPU
		{6C7A23EF-3822-4D10-AFB6-75EACB896FB2}.Release|Any CPU.ActiveCfg = Release|Any CPU
		{6C7A23EF-3822-4D10-AFB6-75EACB896FB2}.Release|Any CPU.Build.0 = Release|Any CPU
		{6C7A23EF-3822-4D10-AFB6-75EACB896FB2}.Release|x64.ActiveCfg = Release|Any CPU
		{6C7A23EF-3822-4D10-AFB6-75EACB896FB2}.Release|x64.Build.0 = Release|Any CPU
		{6C7A23EF-3822-4D10-AFB6-75EACB896FB2}.Release|x86.ActiveCfg = Release|Any CPU
		{6C7A23EF-3822-4D10-AFB6-75EACB896FB2}.Release|x86.Build.0 = Release|Any CPU
		{C02F7CE6-5A8C-4850-8DA6-F42A97CD7856}.Debug|Any CPU.ActiveCfg = Debug|Any CPU
		{C02F7CE6-5A8C-4850-8DA6-F42A97CD7856}.Debug|Any CPU.Build.0 = Debug|Any CPU
		{C02F7CE6-5A8C-4850-8DA6-F42A97CD7856}.Debug|x64.ActiveCfg = Debug|Any CPU
		{C02F7CE6-5A8C-4850-8DA6-F42A97CD7856}.Debug|x64.Build.0 = Debug|Any CPU
		{C02F7CE6-5A8C-4850-8DA6-F42A97CD7856}.Debug|x86.ActiveCfg = Debug|Any CPU
		{C02F7CE6-5A8C-4850-8DA6-F42A97CD7856}.Debug|x86.Build.0 = Debug|Any CPU
		{C02F7CE6-5A8C-4850-8DA6-F42A97CD7856}.Release|Any CPU.ActiveCfg = Release|Any CPU
		{C02F7CE6-5A8C-4850-8DA6-F42A97CD7856}.Release|Any CPU.Build.0 = Release|Any CPU
		{C02F7CE6-5A8C-4850-8DA6-F42A97CD7856}.Release|x64.ActiveCfg = Release|Any CPU
		{C02F7CE6-5A8C-4850-8DA6-F42A97CD7856}.Release|x64.Build.0 = Release|Any CPU
		{C02F7CE6-5A8C-4850-8DA6-F42A97CD7856}.Release|x86.ActiveCfg = Release|Any CPU
		{C02F7CE6-5A8C-4850-8DA6-F42A97CD7856}.Release|x86.Build.0 = Release|Any CPU
		{D42C36D8-937C-426A-BB8B-02CDFE4CB49E}.Debug|Any CPU.ActiveCfg = Debug|Any CPU
		{D42C36D8-937C-426A-BB8B-02CDFE4CB49E}.Debug|Any CPU.Build.0 = Debug|Any CPU
		{D42C36D8-937C-426A-BB8B-02CDFE4CB49E}.Debug|x64.ActiveCfg = Debug|Any CPU
		{D42C36D8-937C-426A-BB8B-02CDFE4CB49E}.Debug|x64.Build.0 = Debug|Any CPU
		{D42C36D8-937C-426A-BB8B-02CDFE4CB49E}.Debug|x86.ActiveCfg = Debug|Any CPU
		{D42C36D8-937C-426A-BB8B-02CDFE4CB49E}.Debug|x86.Build.0 = Debug|Any CPU
		{D42C36D8-937C-426A-BB8B-02CDFE4CB49E}.Release|Any CPU.ActiveCfg = Release|Any CPU
		{D42C36D8-937C-426A-BB8B-02CDFE4CB49E}.Release|Any CPU.Build.0 = Release|Any CPU
		{D42C36D8-937C-426A-BB8B-02CDFE4CB49E}.Release|x64.ActiveCfg = Release|Any CPU
		{D42C36D8-937C-426A-BB8B-02CDFE4CB49E}.Release|x64.Build.0 = Release|Any CPU
		{D42C36D8-937C-426A-BB8B-02CDFE4CB49E}.Release|x86.ActiveCfg = Release|Any CPU
		{D42C36D8-937C-426A-BB8B-02CDFE4CB49E}.Release|x86.Build.0 = Release|Any CPU
		{84844E23-23C1-47D6-AD4E-E5057CE193E0}.Debug|Any CPU.ActiveCfg = Debug|Any CPU
		{84844E23-23C1-47D6-AD4E-E5057CE193E0}.Debug|Any CPU.Build.0 = Debug|Any CPU
		{84844E23-23C1-47D6-AD4E-E5057CE193E0}.Debug|x64.ActiveCfg = Debug|Any CPU
		{84844E23-23C1-47D6-AD4E-E5057CE193E0}.Debug|x64.Build.0 = Debug|Any CPU
		{84844E23-23C1-47D6-AD4E-E5057CE193E0}.Debug|x86.ActiveCfg = Debug|Any CPU
		{84844E23-23C1-47D6-AD4E-E5057CE193E0}.Debug|x86.Build.0 = Debug|Any CPU
		{84844E23-23C1-47D6-AD4E-E5057CE193E0}.Release|Any CPU.ActiveCfg = Release|Any CPU
		{84844E23-23C1-47D6-AD4E-E5057CE193E0}.Release|Any CPU.Build.0 = Release|Any CPU
		{84844E23-23C1-47D6-AD4E-E5057CE193E0}.Release|x64.ActiveCfg = Release|Any CPU
		{84844E23-23C1-47D6-AD4E-E5057CE193E0}.Release|x64.Build.0 = Release|Any CPU
		{84844E23-23C1-47D6-AD4E-E5057CE193E0}.Release|x86.ActiveCfg = Release|Any CPU
		{84844E23-23C1-47D6-AD4E-E5057CE193E0}.Release|x86.Build.0 = Release|Any CPU
	EndGlobalSection
	GlobalSection(SolutionProperties) = preSolution
		HideSolutionNode = FALSE
	EndGlobalSection
	GlobalSection(ExtensibilityGlobals) = postSolution
		SolutionGuid = {E7043174-383D-4CC0-ADB0-2A3BC967D4B4}
	EndGlobalSection
EndGlobal
